
Microsoft Visual Studio Solution File, Format Version 12.00
# Visual Studio Version 17
VisualStudioVersion = 17.7.34018.315
MinimumVisualStudioVersion = 10.0.40219.1
Project("{FAE04EC0-301F-11D3-BF4B-00C04F79EFBC}") = "TheAdminTool", "TheAdminTool\TheAdminTool.csproj", "{C784093D-F33D-4011-8183-293F52F01146}"
EndProject
Global
	GlobalSection(SolutionConfigurationPlatforms) = preSolution
		Debug|Any CPU = Debug|Any CPU
		Release|Any CPU = Release|Any CPU
	EndGlobalSection
	GlobalSection(ProjectConfigurationPlatforms) = postSolution
		{C784093D-F33D-4011-8183-293F52F01146}.Debug|Any CPU.ActiveCfg = Debug|Any CPU
		{C784093D-F33D-4011-8183-293F52F01146}.Debug|Any CPU.Build.0 = Debug|Any CPU
		{C784093D-F33D-4011-8183-293F52F01146}.Release|Any CPU.ActiveCfg = Release|Any CPU
		{C784093D-F33D-4011-8183-293F52F01146}.Release|Any CPU.Build.0 = Release|Any CPU
	EndGlobalSection
	GlobalSection(SolutionProperties) = preSolution
		HideSolutionNode = FALSE
	EndGlobalSection
	GlobalSection(ExtensibilityGlobals) = postSolution
		SolutionGuid = {91C69367-541B-4B66-ABB3-39C662C318FB}
	EndGlobalSection
EndGlobal
